
Microsoft Visual Studio Solution File, Format Version 12.00
# Visual Studio Version 17
VisualStudioVersion = 17.1.32407.343
MinimumVisualStudioVersion = 10.0.40219.1
Project("{9A19103F-16F7-4668-BE54-9A1E7A4F7556}") = "Infoware.EntityFrameworkCore.AuditEntity", "Infoware.EntityFrameworkCore.AuditEntity\Infoware.EntityFrameworkCore.AuditEntity.csproj", "{32BBFD0E-4193-48D7-9CFB-241967D3D539}"
EndProject
Project("{2150E333-8FDC-42A3-9474-1A3956D46DE8}") = "Solution Items", "Solution Items", "{C9B060E1-E66D-4062-A7D0-E8EA78CDA3B2}"
	ProjectSection(SolutionItems) = preProject
		.github\workflows\main.yml = .github\workflows\main.yml
		README.md = README.md
	EndProjectSection
EndProject
Project("{FAE04EC0-301F-11D3-BF4B-00C04F79EFBC}") = "WebApplication1", "WebApplication1\WebApplication1.csproj", "{B13051FA-BBD1-41A5-A7FB-C9C08733C4DE}"
EndProject
Global
	GlobalSection(SolutionConfigurationPlatforms) = preSolution
		Debug|Any CPU = Debug|Any CPU
		Release|Any CPU = Release|Any CPU
	EndGlobalSection
	GlobalSection(ProjectConfigurationPlatforms) = postSolution
		{32BBFD0E-4193-48D7-9CFB-241967D3D539}.Debug|Any CPU.ActiveCfg = Debug|Any CPU
		{32BBFD0E-4193-48D7-9CFB-241967D3D539}.Debug|Any CPU.Build.0 = Debug|Any CPU
		{32BBFD0E-4193-48D7-9CFB-241967D3D539}.Release|Any CPU.ActiveCfg = Release|Any CPU
		{32BBFD0E-4193-48D7-9CFB-241967D3D539}.Release|Any CPU.Build.0 = Release|Any CPU
		{B13051FA-BBD1-41A5-A7FB-C9C08733C4DE}.Debug|Any CPU.ActiveCfg = Debug|Any CPU
		{B13051FA-BBD1-41A5-A7FB-C9C08733C4DE}.Debug|Any CPU.Build.0 = Debug|Any CPU
		{B13051FA-BBD1-41A5-A7FB-C9C08733C4DE}.Release|Any CPU.ActiveCfg = Release|Any CPU
		{B13051FA-BBD1-41A5-A7FB-C9C08733C4DE}.Release|Any CPU.Build.0 = Release|Any CPU
	EndGlobalSection
	GlobalSection(SolutionProperties) = preSolution
		HideSolutionNode = FALSE
	EndGlobalSection
	GlobalSection(ExtensibilityGlobals) = postSolution
		SolutionGuid = {21501477-8A65-47D3-9015-4DC830312577}
	EndGlobalSection
EndGlobal
